
Microsoft Visual Studio Solution File, Format Version 12.00
# Visual Studio Version 16
VisualStudioVersion = 16.0.33423.256
MinimumVisualStudioVersion = 10.0.40219.1
Project("{FAE04EC0-301F-11D3-BF4B-00C04F79EFBC}") = "Homework_number_12", "Homework_number_12\Homework_number_12.csproj", "{F1D729A2-ED9C-4288-83B5-E898D344491E}"
EndProject
Global
	GlobalSection(SolutionConfigurationPlatforms) = preSolution
		Debug|Any CPU = Debug|Any CPU
		Release|Any CPU = Release|Any CPU
	EndGlobalSection
	GlobalSection(ProjectConfigurationPlatforms) = postSolution
		{F1D729A2-ED9C-4288-83B5-E898D344491E}.Debug|Any CPU.ActiveCfg = Debug|Any CPU
		{F1D729A2-ED9C-4288-83B5-E898D344491E}.Debug|Any CPU.Build.0 = Debug|Any CPU
		{F1D729A2-ED9C-4288-83B5-E898D344491E}.Release|Any CPU.ActiveCfg = Release|Any CPU
		{F1D729A2-ED9C-4288-83B5-E898D344491E}.Release|Any CPU.Build.0 = Release|Any CPU
	EndGlobalSection
	GlobalSection(SolutionProperties) = preSolution
		HideSolutionNode = FALSE
	EndGlobalSection
	GlobalSection(ExtensibilityGlobals) = postSolution
		SolutionGuid = {555E3C9F-5448-4F40-8820-6AC729C4AB0A}
	EndGlobalSection
EndGlobal
